{
  "version": 4,
  "terraform_version": "0.12.21",
  "serial": 59,
  "lineage": "fda7b831-d95c-ea1e-3e98-c51b63ad0697",
  "outputs": {
    "external_ip_address_vm_1": {
      "value": "84.201.130.105",
      "type": "string"
    },
    "internal_ip_address_vm_1": {
      "value": "192.168.10.27",
      "type": "string"
    }
  },
  "resources": [
    {
      "mode": "managed",
      "type": "yandex_compute_instance",
      "name": "vm-1",
      "provider": "provider.yandex",
      "instances": [
        {
          "schema_version": 1,
          "attributes": {
            "allow_stopping_for_update": null,
            "boot_disk": [
              {
                "auto_delete": true,
                "device_name": "fhm4cd2of4gj7v50e46m",
                "disk_id": "fhm4cd2of4gj7v50e46m",
                "initialize_params": [
                  {
                    "description": "",
                    "image_id": "fd8veme9fg6pbg5ost48",
                    "name": "",
                    "size": 30,
                    "snapshot_id": "",
                    "type": "network-hdd"
                  }
                ],
                "mode": "READ_WRITE"
              }
            ],
            "created_at": "2020-03-02T23:07:01Z",
            "description": "",
            "folder_id": "b1g6g0odfjqvpuhrneau",
            "fqdn": "fhmvdap94orsru82fq1d.auto.internal",
            "hostname": null,
            "id": "fhmvdap94orsru82fq1d",
            "labels": null,
            "metadata": {
              "ssh-keys": "ubuntu:ssh-rsa AAAAB3NzaC1yc2EAAAADAQABAAABAQCrr1+dlx+zg9nGhJsWxOYXtouM4zoticfDaCmqtEb2O/cNTSD9vq9rMZdLeAbIHmVmmNVknok9ImKVPUM4041cmGbzxhHsxiigiA+VHICkGQ8lAN5gcCfKMxB7+se2yzqcurrnssEXWU3FMmj9gKrsDapWsYHzlQ8kYOyh47xA+VyOYr0ciw0GnMgfPhvi8Ska8KaQLNf6DS6JgBYoQTYPe9i0hnDRoNLNaF+krgX9zGx4YOr8dKEcn/qZo9CZ3py4/P/Kqeu8X22NHl9qUlZuLjkUw7sZ3yBXz4EoDBdIjXlTf5MLExNrzMzruxtbwO8KCXGQsuBn38dWIRnVvGPp sergey@ubuntu2\n"
            },
            "name": "webvork2-terraform",
            "network_acceleration_type": "standard",
            "network_interface": [
              {
                "index": 0,
                "ip_address": "192.168.10.27",
                "ipv6": false,
                "ipv6_address": "",
                "mac_address": "d0:0d:1f:6a:b2:92",
                "nat": true,
                "nat_ip_address": "84.201.130.105",
                "nat_ip_version": "IPV4",
                "subnet_id": "e9b8e9ibm4iu0gcbgnfv"
              }
            ],
            "platform_id": "standard-v1",
            "resources": [
              {
                "core_fraction": 5,
                "cores": 2,
                "gpus": 0,
                "memory": 4
              }
            ],
            "scheduling_policy": [
              {
                "preemptible": true
              }
            ],
            "secondary_disk": [],
            "service_account_id": "",
            "status": "running",
            "timeouts": null,
            "zone": "ru-central1-a"
          },
          "private": "eyJlMmJmYjczMC1lY2FhLTExZTYtOGY4OC0zNDM2M2JjN2M0YzAiOnsiY3JlYXRlIjozMDAwMDAwMDAwMDAsImRlbGV0ZSI6MzAwMDAwMDAwMDAwLCJ1cGRhdGUiOjMwMDAwMDAwMDAwMH0sInNjaGVtYV92ZXJzaW9uIjoiMSJ9",
          "dependencies": [
            "yandex_vpc_network.network-1",
            "yandex_vpc_subnet.subnet-1"
          ]
        }
      ]
    },
    {
      "mode": "managed",
      "type": "yandex_container_registry",
      "name": "default",
      "provider": "provider.yandex",
      "instances": [
        {
          "schema_version": 0,
          "attributes": {
            "created_at": "2020-03-02T23:06:53Z",
            "folder_id": "b1g6g0odfjqvpuhrneau",
            "id": "crppgdqm0ij6al1no8v6",
            "labels": null,
            "name": "webvork-docker-registry",
            "status": "active",
            "timeouts": null
          },
          "private": "eyJlMmJmYjczMC1lY2FhLTExZTYtOGY4OC0zNDM2M2JjN2M0YzAiOnsiY3JlYXRlIjozMDAwMDAwMDAwMDAsImRlbGV0ZSI6MzAwMDAwMDAwMDAwLCJ1cGRhdGUiOjMwMDAwMDAwMDAwMH19"
        }
      ]
    },
    {
      "mode": "managed",
      "type": "yandex_vpc_network",
      "name": "network-1",
      "provider": "provider.yandex",
      "instances": [
        {
          "schema_version": 0,
          "attributes": {
            "created_at": "2020-03-02T23:06:53Z",
            "description": "",
            "folder_id": "b1g6g0odfjqvpuhrneau",
            "id": "enp3n5fapuhh9jctk399",
            "labels": null,
            "name": "network1",
            "subnet_ids": [],
            "timeouts": null
          },
          "private": "eyJlMmJmYjczMC1lY2FhLTExZTYtOGY4OC0zNDM2M2JjN2M0YzAiOnsiY3JlYXRlIjo2MDAwMDAwMDAwMCwiZGVsZXRlIjo2MDAwMDAwMDAwMCwidXBkYXRlIjo2MDAwMDAwMDAwMH19"
        }
      ]
    },
    {
      "mode": "managed",
      "type": "yandex_vpc_subnet",
      "name": "subnet-1",
      "provider": "provider.yandex",
      "instances": [
        {
          "schema_version": 0,
          "attributes": {
            "created_at": "2020-03-02T23:06:56Z",
            "description": "",
            "folder_id": "b1g6g0odfjqvpuhrneau",
            "id": "e9b8e9ibm4iu0gcbgnfv",
            "labels": null,
            "name": "subnet1",
            "network_id": "enp3n5fapuhh9jctk399",
            "route_table_id": "",
            "timeouts": null,
            "v4_cidr_blocks": [
              "192.168.10.0/24"
            ],
            "v6_cidr_blocks": [],
            "zone": "ru-central1-a"
          },
          "private": "eyJlMmJmYjczMC1lY2FhLTExZTYtOGY4OC0zNDM2M2JjN2M0YzAiOnsiY3JlYXRlIjoxODAwMDAwMDAwMDAsImRlbGV0ZSI6MTgwMDAwMDAwMDAwLCJ1cGRhdGUiOjE4MDAwMDAwMDAwMH19",
          "dependencies": [
            "yandex_vpc_network.network-1"
          ]
        }
      ]
    }
  ]
}
